// !$*UTF8*$!
{
	archiveVersion = 1;
	classes = {
	};
	objectVersion = 55;
	objects = {

/* Begin PBXBuildFile section */
		37C5E2552806D6F800477221 /* AppDelegate.swift in Sources */ = {isa = PBXBuildFile; fileRef = 37C5E2542806D6F800477221 /* AppDelegate.swift */; };
		37C5E2572806D6F800477221 /* SceneDelegate.swift in Sources */ = {isa = PBXBuildFile; fileRef = 37C5E2562806D6F800477221 /* SceneDelegate.swift */; };
		37C5E2592806D6F800477221 /* ViewController.swift in Sources */ = {isa = PBXBuildFile; fileRef = 37C5E2582806D6F800477221 /* ViewController.swift */; };
		37C5E25C2806D6F800477221 /* Main.storyboard in Resources */ = {isa = PBXBuildFile; fileRef = 37C5E25A2806D6F800477221 /* Main.storyboard */; };
		37C5E25E2806D6F900477221 /* Assets.xcassets in Resources */ = {isa = PBXBuildFile; fileRef = 37C5E25D2806D6F900477221 /* Assets.xcassets */; };
		37C5E2612806D6F900477221 /* LaunchScreen.storyboard in Resources */ = {isa = PBXBuildFile; fileRef = 37C5E25F2806D6F900477221 /* LaunchScreen.storyboard */; };
		37C5E2692806D7C300477221 /* QuizViewController.swift in Sources */ = {isa = PBXBuildFile; fileRef = 37C5E2682806D7C300477221 /* QuizViewController.swift */; };
		37C5E26B2806D84C00477221 /* ScoreViewController.swift in Sources */ = {isa = PBXBuildFile; fileRef = 37C5E26A2806D84C00477221 /* ScoreViewController.swift */; };
		37C5E26D2806D9F300477221 /* quiz1.csv in Resources */ = {isa = PBXBuildFile; fileRef = 37C5E26C2806D9F300477221 /* quiz1.csv */; };
		37C5E2712806F25A00477221 /* correct.png in Resources */ = {isa = PBXBuildFile; fileRef = 37C5E26F2806F25A00477221 /* correct.png */; };
		37C5E2722806F25A00477221 /* incorrect.png in Resources */ = {isa = PBXBuildFile; fileRef = 37C5E2702806F25A00477221 /* incorrect.png */; };
		37C5E298280947B900477221 /* SelectLevelViewController.swift in Sources */ = {isa = PBXBuildFile; fileRef = 37C5E297280947B900477221 /* SelectLevelViewController.swift */; };
		37C5E2A228096B3400477221 /* quiz2.csv in Resources */ = {isa = PBXBuildFile; fileRef = 37C5E2A128096B3400477221 /* quiz2.csv */; };
		37C5E2A428096B5B00477221 /* quiz3.csv in Resources */ = {isa = PBXBuildFile; fileRef = 37C5E2A328096B5B00477221 /* quiz3.csv */; };
/* End PBXBuildFile section */

/* Begin PBXFileReference section */
		37C5E2512806D6F800477221 /* sampleQuiz.app */ = {isa = PBXFileReference; explicitFileType = wrapper.application; includeInIndex = 0; path = sampleQuiz.app; sourceTree = BUILT_PRODUCTS_DIR; };
		37C5E2542806D6F800477221 /* AppDelegate.swift */ = {isa = PBXFileReference; lastKnownFileType = sourcecode.swift; path = AppDelegate.swift; sourceTree = "<group>"; };
		37C5E2562806D6F800477221 /* SceneDelegate.swift */ = {isa = PBXFileReference; lastKnownFileType = sourcecode.swift; path = SceneDelegate.swift; sourceTree = "<group>"; };
		37C5E2582806D6F800477221 /* ViewController.swift */ = {isa = PBXFileReference; lastKnownFileType = sourcecode.swift; path = ViewController.swift; sourceTree = "<group>"; };
		37C5E25B2806D6F800477221 /* Base */ = {isa = PBXFileReference; lastKnownFileType = file.storyboard; name = Base; path = Base.lproj/Main.storyboard; sourceTree = "<group>"; };
		37C5E25D2806D6F900477221 /* Assets.xcassets */ = {isa = PBXFileReference; lastKnownFileType = folder.assetcatalog; path = Assets.xcassets; sourceTree = "<group>"; };
		37C5E2602806D6F900477221 /* Base */ = {isa = PBXFileReference; lastKnownFileType = file.storyboard; name = Base; path = Base.lproj/LaunchScreen.storyboard; sourceTree = "<group>"; };
		37C5E2622806D6F900477221 /* Info.plist */ = {isa = PBXFileReference; lastKnownFileType = text.plist.xml; path = Info.plist; sourceTree = "<group>"; };
		37C5E2682806D7C300477221 /* QuizViewController.swift */ = {isa = PBXFileReference; lastKnownFileType = sourcecode.swift; path = QuizViewController.swift; sourceTree = "<group>"; };
		37C5E26A2806D84C00477221 /* ScoreViewController.swift */ = {isa = PBXFileReference; lastKnownFileType = sourcecode.swift; path = ScoreViewController.swift; sourceTree = "<group>"; };
		37C5E26C2806D9F300477221 /* quiz1.csv */ = {isa = PBXFileReference; lastKnownFileType = text; path = quiz1.csv; sourceTree = "<group>"; };
		37C5E26F2806F25A00477221 /* correct.png */ = {isa = PBXFileReference; lastKnownFileType = image.png; path = correct.png; sourceTree = "<group>"; };
		37C5E2702806F25A00477221 /* incorrect.png */ = {isa = PBXFileReference; lastKnownFileType = image.png; path = incorrect.png; sourceTree = "<group>"; };
		37C5E297280947B900477221 /* SelectLevelViewController.swift */ = {isa = PBXFileReference; lastKnownFileType = sourcecode.swift; path = SelectLevelViewController.swift; sourceTree = "<group>"; };
		37C5E2A128096B3400477221 /* quiz2.csv */ = {isa = PBXFileReference; lastKnownFileType = text; path = quiz2.csv; sourceTree = "<group>"; };
		37C5E2A328096B5B00477221 /* quiz3.csv */ = {isa = PBXFileReference; lastKnownFileType = text; path = quiz3.csv; sourceTree = "<group>"; };
/* End PBXFileReference section */

/* Begin PBXFrameworksBuildPhase section */
		37C5E24E2806D6F800477221 /* Frameworks */ = {
			isa = PBXFrameworksBuildPhase;
			buildActionMask = 2147483647;
			files = (
			);
			runOnlyForDeploymentPostprocessing = 0;
		};
/* End PBXFrameworksBuildPhase section */

/* Begin PBXGroup section */
		37C5E2482806D6F800477221 = {
			isa = PBXGroup;
			children = (
				37C5E2532806D6F800477221 /* sampleQuiz */,
				37C5E2522806D6F800477221 /* Products */,
			);
			sourceTree = "<group>";
		};
		37C5E2522806D6F800477221 /* Products */ = {
			isa = PBXGroup;
			children = (
				37C5E2512806D6F800477221 /* sampleQuiz.app */,
			);
			name = Products;
			sourceTree = "<group>";
		};
		37C5E2532806D6F800477221 /* sampleQuiz */ = {
			isa = PBXGroup;
			children = (
				37C5E2542806D6F800477221 /* AppDelegate.swift */,
				37C5E2562806D6F800477221 /* SceneDelegate.swift */,
				37C5E2582806D6F800477221 /* ViewController.swift */,
				37C5E25A2806D6F800477221 /* Main.storyboard */,
				37C5E297280947B900477221 /* SelectLevelViewController.swift */,
				37C5E26C2806D9F300477221 /* quiz1.csv */,
				37C5E2A128096B3400477221 /* quiz2.csv */,
				37C5E2A328096B5B00477221 /* quiz3.csv */,
				37C5E26A2806D84C00477221 /* ScoreViewController.swift */,
				37C5E2682806D7C300477221 /* QuizViewController.swift */,
				37C5E26E2806F25A00477221 /* image */,
				37C5E25D2806D6F900477221 /* Assets.xcassets */,
				37C5E25F2806D6F900477221 /* LaunchScreen.storyboard */,
				37C5E2622806D6F900477221 /* Info.plist */,
			);
			path = sampleQuiz;
			sourceTree = "<group>";
		};
		37C5E26E2806F25A00477221 /* image */ = {
			isa = PBXGroup;
			children = (
				37C5E26F2806F25A00477221 /* correct.png */,
				37C5E2702806F25A00477221 /* incorrect.png */,
			);
			path = image;
			sourceTree = "<group>";
		};
/* End PBXGroup section */

/* Begin PBXNativeTarget section */
		37C5E2502806D6F800477221 /* sampleQuiz */ = {
			isa = PBXNativeTarget;
			buildConfigurationList = 37C5E2652806D6F900477221 /* Build configuration list for PBXNativeTarget "sampleQuiz" */;
			buildPhases = (
				37C5E24D2806D6F800477221 /* Sources */,
				37C5E24E2806D6F800477221 /* Frameworks */,
				37C5E24F2806D6F800477221 /* Resources */,
			);
			buildRules = (
			);
			dependencies = (
			);
			name = sampleQuiz;
			productName = sampleQuiz;
			productReference = 37C5E2512806D6F800477221 /* sampleQuiz.app */;
			productType = "com.apple.product-type.application";
		};
/* End PBXNativeTarget section */

/* Begin PBXProject section */
		37C5E2492806D6F800477221 /* Project object */ = {
			isa = PBXProject;
			attributes = {
				BuildIndependentTargetsInParallel = 1;
				LastSwiftUpdateCheck = 1330;
				LastUpgradeCheck = 1330;
				TargetAttributes = {
					37C5E2502806D6F800477221 = {
						CreatedOnToolsVersion = 13.3;
					};
				};
			};
			buildConfigurationList = 37C5E24C2806D6F800477221 /* Build configuration list for PBXProject "sampleQuiz" */;
			compatibilityVersion = "Xcode 13.0";
			developmentRegion = en;
			hasScannedForEncodings = 0;
			knownRegions = (
				en,
				Base,
			);
			mainGroup = 37C5E2482806D6F800477221;
			productRefGroup = 37C5E2522806D6F800477221 /* Products */;
			projectDirPath = "";
			projectRoot = "";
			targets = (
				37C5E2502806D6F800477221 /* sampleQuiz */,
			);
		};
/* End PBXProject section */

/* Begin PBXResourcesBuildPhase section */
		37C5E24F2806D6F800477221 /* Resources */ = {
			isa = PBXResourcesBuildPhase;
			buildActionMask = 2147483647;
			files = (
				37C5E2A228096B3400477221 /* quiz2.csv in Resources */,
				37C5E2712806F25A00477221 /* correct.png in Resources */,
				37C5E2722806F25A00477221 /* incorrect.png in Resources */,
				37C5E2612806D6F900477221 /* LaunchScreen.storyboard in Resources */,
				37C5E25E2806D6F900477221 /* Assets.xcassets in Resources */,
				37C5E25C2806D6F800477221 /* Main.storyboard in Resources */,
				37C5E26D2806D9F300477221 /* quiz1.csv in Resources */,
				37C5E2A428096B5B00477221 /* quiz3.csv in Resources */,
			);
			runOnlyForDeploymentPostprocessing = 0;
		};
/* End PBXResourcesBuildPhase section */

/* Begin PBXSourcesBuildPhase section */
		37C5E24D2806D6F800477221 /* Sources */ = {
			isa = PBXSourcesBuildPhase;
			buildActionMask = 2147483647;
			files = (
				37C5E2592806D6F800477221 /* ViewController.swift in Sources */,
				37C5E2552806D6F800477221 /* AppDelegate.swift in Sources */,
				37C5E26B2806D84C00477221 /* ScoreViewController.swift in Sources */,
				37C5E2572806D6F800477221 /* SceneDelegate.swift in Sources */,
				37C5E2692806D7C300477221 /* QuizViewController.swift in Sources */,
				37C5E298280947B900477221 /* SelectLevelViewController.swift in Sources */,
			);
			runOnlyForDeploymentPostprocessing = 0;
		};
/* End PBXSourcesBuildPhase section */

/* Begin PBXVariantGroup section */
		37C5E25A2806D6F800477221 /* Main.storyboard */ = {
			isa = PBXVariantGroup;
			children = (
				37C5E25B2806D6F800477221 /* Base */,
			);
			name = Main.storyboard;
			sourceTree = "<group>";
		};
		37C5E25F2806D6F900477221 /* LaunchScreen.storyboard */ = {
			isa = PBXVariantGroup;
			children = (
				37C5E2602806D6F900477221 /* Base */,
			);
			name = LaunchScreen.storyboard;
			sourceTree = "<group>";
		};
/* End PBXVariantGroup section */

/* Begin XCBuildConfiguration section */
		37C5E2632806D6F900477221 /* Debug */ = {
			isa = XCBuildConfiguration;
			buildSettings = {
				ALWAYS_SEARCH_USER_PATHS = NO;
				CLANG_ANALYZER_NONNULL = YES;
				CLANG_ANALYZER_NUMBER_OBJECT_CONVERSION = YES_AGGRESSIVE;
				CLANG_CXX_LANGUAGE_STANDARD = "gnu++17";
				CLANG_ENABLE_MODULES = YES;
				CLANG_ENABLE_OBJC_ARC = YES;
				CLANG_ENABLE_OBJC_WEAK = YES;
				CLANG_WARN_BLOCK_CAPTURE_AUTORELEASING = YES;
				CLANG_WARN_BOOL_CONVERSION = YES;
				CLANG_WARN_COMMA = YES;
				CLANG_WARN_CONSTANT_CONVERSION = YES;
				CLANG_WARN_DEPRECATED_OBJC_IMPLEMENTATIONS = YES;
				CLANG_WARN_DIRECT_OBJC_ISA_USAGE = YES_ERROR;
				CLANG_WARN_DOCUMENTATION_COMMENTS = YES;
				CLANG_WARN_EMPTY_BODY = YES;
				CLANG_WARN_ENUM_CONVERSION = YES;
				CLANG_WARN_INFINITE_RECURSION = YES;
				CLANG_WARN_INT_CONVERSION = YES;
				CLANG_WARN_NON_LITERAL_NULL_CONVERSION = YES;
				CLANG_WARN_OBJC_IMPLICIT_RETAIN_SELF = YES;
				CLANG_WARN_OBJC_LITERAL_CONVERSION = YES;
				CLANG_WARN_OBJC_ROOT_CLASS = YES_ERROR;
				CLANG_WARN_QUOTED_INCLUDE_IN_FRAMEWORK_HEADER = YES;
				CLANG_WARN_RANGE_LOOP_ANALYSIS = YES;
				CLANG_WARN_STRICT_PROTOTYPES = YES;
				CLANG_WARN_SUSPICIOUS_MOVE = YES;
				CLANG_WARN_UNGUARDED_AVAILABILITY = YES_AGGRESSIVE;
				CLANG_WARN_UNREACHABLE_CODE = YES;
				CLANG_WARN__DUPLICATE_METHOD_MATCH = YES;
				COPY_PHASE_STRIP = NO;
				DEBUG_INFORMATION_FORMAT = dwarf;
				ENABLE_STRICT_OBJC_MSGSEND = YES;
				ENABLE_TESTABILITY = YES;
				GCC_C_LANGUAGE_STANDARD = gnu11;
				GCC_DYNAMIC_NO_PIC = NO;
				GCC_NO_COMMON_BLOCKS = YES;
				GCC_OPTIMIZATION_LEVEL = 0;
				GCC_PREPROCESSOR_DEFINITIONS = (
					"DEBUG=1",
					"$(inherited)",
				);
				GCC_WARN_64_TO_32_BIT_CONVERSION = YES;
				GCC_WARN_ABOUT_RETURN_TYPE = YES_ERROR;
				GCC_WARN_UNDECLARED_SELECTOR = YES;
				GCC_WARN_UNINITIALIZED_AUTOS = YES_AGGRESSIVE;
				GCC_WARN_UNUSED_FUNCTION = YES;
				GCC_WARN_UNUSED_VARIABLE = YES;
				IPHONEOS_DEPLOYMENT_TARGET = 15.4;
				MTL_ENABLE_DEBUG_INFO = INCLUDE_SOURCE;
				MTL_FAST_MATH = YES;
				ONLY_ACTIVE_ARCH = YES;
				SDKROOT = iphoneos;
				SWIFT_ACTIVE_COMPILATION_CONDITIONS = DEBUG;
				SWIFT_OPTIMIZATION_LEVEL = "-Onone";
			};
			name = Debug;
		};
		37C5E2642806D6F900477221 /* Release */ = {
			isa = XCBuildConfiguration;
			buildSettings = {
				ALWAYS_SEARCH_USER_PATHS = NO;
				CLANG_ANALYZER_NONNULL = YES;
				CLANG_ANALYZER_NUMBER_OBJECT_CONVERSION = YES_AGGRESSIVE;
				CLANG_CXX_LANGUAGE_STANDARD = "gnu++17";
				CLANG_ENABLE_MODULES = YES;
				CLANG_ENABLE_OBJC_ARC = YES;
				CLANG_ENABLE_OBJC_WEAK = YES;
				CLANG_WARN_BLOCK_CAPTURE_AUTORELEASING = YES;
				CLANG_WARN_BOOL_CONVERSION = YES;
				CLANG_WARN_COMMA = YES;
				CLANG_WARN_CONSTANT_CONVERSION = YES;
				CLANG_WARN_DEPRECATED_OBJC_IMPLEMENTATIONS = YES;
				CLANG_WARN_DIRECT_OBJC_ISA_USAGE = YES_ERROR;
				CLANG_WARN_DOCUMENTATION_COMMENTS = YES;
				CLANG_WARN_EMPTY_BODY = YES;
				CLANG_WARN_ENUM_CONVERSION = YES;
				CLANG_WARN_INFINITE_RECURSION = YES;
				CLANG_WARN_INT_CONVERSION = YES;
				CLANG_WARN_NON_LITERAL_NULL_CONVERSION = YES;
				CLANG_WARN_OBJC_IMPLICIT_RETAIN_SELF = YES;
				CLANG_WARN_OBJC_LITERAL_CONVERSION = YES;
				CLANG_WARN_OBJC_ROOT_CLASS = YES_ERROR;
				CLANG_WARN_QUOTED_INCLUDE_IN_FRAMEWORK_HEADER = YES;
				CLANG_WARN_RANGE_LOOP_ANALYSIS = YES;
				CLANG_WARN_STRICT_PROTOTYPES = YES;
				CLANG_WARN_SUSPICIOUS_MOVE = YES;
				CLANG_WARN_UNGUARDED_AVAILABILITY = YES_AGGRESSIVE;
				CLANG_WARN_UNREACHABLE_CODE = YES;
				CLANG_WARN__DUPLICATE_METHOD_MATCH = YES;
				COPY_PHASE_STRIP = NO;
				DEBUG_INFORMATION_FORMAT = "dwarf-with-dsym";
				ENABLE_NS_ASSERTIONS = NO;
				ENABLE_STRICT_OBJC_MSGSEND = YES;
				GCC_C_LANGUAGE_STANDARD = gnu11;
				GCC_NO_COMMON_BLOCKS = YES;
				GCC_WARN_64_TO_32_BIT_CONVERSION = YES;
				GCC_WARN_ABOUT_RETURN_TYPE = YES_ERROR;
				GCC_WARN_UNDECLARED_SELECTOR = YES;
				GCC_WARN_UNINITIALIZED_AUTOS = YES_AGGRESSIVE;
				GCC_WARN_UNUSED_FUNCTION = YES;
				GCC_WARN_UNUSED_VARIABLE = YES;
				IPHONEOS_DEPLOYMENT_TARGET = 15.4;
				MTL_ENABLE_DEBUG_INFO = NO;
				MTL_FAST_MATH = YES;
				SDKROOT = iphoneos;
				SWIFT_COMPILATION_MODE = wholemodule;
				SWIFT_OPTIMIZATION_LEVEL = "-O";
				VALIDATE_PRODUCT = YES;
			};
			name = Release;
		};
		37C5E2662806D6F900477221 /* Debug */ = {
			isa = XCBuildConfiguration;
			buildSettings = {
				ASSETCATALOG_COMPILER_APPICON_NAME = AppIcon;
				ASSETCATALOG_COMPILER_GLOBAL_ACCENT_COLOR_NAME = AccentColor;
				CODE_SIGN_STYLE = Automatic;
				CURRENT_PROJECT_VERSION = 1;
				DEVELOPMENT_TEAM = 97Y2HWBRKK;
				GENERATE_INFOPLIST_FILE = YES;
				INFOPLIST_FILE = sampleQuiz/Info.plist;
				INFOPLIST_KEY_LSApplicationCategoryType = "";
				INFOPLIST_KEY_UIApplicationSupportsIndirectInputEvents = YES;
				INFOPLIST_KEY_UILaunchStoryboardName = LaunchScreen;
				INFOPLIST_KEY_UIMainStoryboardFile = Main;
				INFOPLIST_KEY_UISupportedInterfaceOrientations_iPad = "UIInterfaceOrientationPortrait UIInterfaceOrientationPortraitUpsideDown UIInterfaceOrientationLandscapeLeft UIInterfaceOrientationLandscapeRight";
				INFOPLIST_KEY_UISupportedInterfaceOrientations_iPhone = "UIInterfaceOrientationPortrait UIInterfaceOrientationLandscapeLeft UIInterfaceOrientationLandscapeRight";
				LD_RUNPATH_SEARCH_PATHS = (
					"$(inherited)",
					"@executable_path/Frameworks",
				);
				MARKETING_VERSION = 1.0;
				PRODUCT_BUNDLE_IDENTIFIER = com.mario.sampleQuiz;
				PRODUCT_NAME = "$(TARGET_NAME)";
				SWIFT_EMIT_LOC_STRINGS = YES;
				SWIFT_VERSION = 5.0;
				TARGETED_DEVICE_FAMILY = "1,2";
			};
			name = Debug;
		};
		37C5E2672806D6F900477221 /* Release */ = {
			isa = XCBuildConfiguration;
			buildSettings = {
				ASSETCATALOG_COMPILER_APPICON_NAME = AppIcon;
				ASSETCATALOG_COMPILER_GLOBAL_ACCENT_COLOR_NAME = AccentColor;
				CODE_SIGN_STYLE = Automatic;
				CURRENT_PROJECT_VERSION = 1;
				DEVELOPMENT_TEAM = 97Y2HWBRKK;
				GENERATE_INFOPLIST_FILE = YES;
				INFOPLIST_FILE = sampleQuiz/Info.plist;
				INFOPLIST_KEY_LSApplicationCategoryType = "";
				INFOPLIST_KEY_UIApplicationSupportsIndirectInputEvents = YES;
				INFOPLIST_KEY_UILaunchStoryboardName = LaunchScreen;
				INFOPLIST_KEY_UIMainStoryboardFile = Main;
				INFOPLIST_KEY_UISupportedInterfaceOrientations_iPad = "UIInterfaceOrientationPortrait UIInterfaceOrientationPortraitUpsideDown UIInterfaceOrientationLandscapeLeft UIInterfaceOrientationLandscapeRight";
				INFOPLIST_KEY_UISupportedInterfaceOrientations_iPhone = "UIInterfaceOrientationPortrait UIInterfaceOrientationLandscapeLeft UIInterfaceOrientationLandscapeRight";
				LD_RUNPATH_SEARCH_PATHS = (
					"$(inherited)",
					"@executable_path/Frameworks",
				);
				MARKETING_VERSION = 1.0;
				PRODUCT_BUNDLE_IDENTIFIER = com.mario.sampleQuiz;
				PRODUCT_NAME = "$(TARGET_NAME)";
				SWIFT_EMIT_LOC_STRINGS = YES;
				SWIFT_VERSION = 5.0;
				TARGETED_DEVICE_FAMILY = "1,2";
			};
			name = Release;
		};
/* End XCBuildConfiguration section */

/* Begin XCConfigurationList section */
		37C5E24C2806D6F800477221 /* Build configuration list for PBXProject "sampleQuiz" */ = {
			isa = XCConfigurationList;
			buildConfigurations = (
				37C5E2632806D6F900477221 /* Debug */,
				37C5E2642806D6F900477221 /* Release */,
			);
			defaultConfigurationIsVisible = 0;
			defaultConfigurationName = Release;
		};
		37C5E2652806D6F900477221 /* Build configuration list for PBXNativeTarget "sampleQuiz" */ = {
			isa = XCConfigurationList;
			buildConfigurations = (
				37C5E2662806D6F900477221 /* Debug */,
				37C5E2672806D6F900477221 /* Release */,
			);
			defaultConfigurationIsVisible = 0;
			defaultConfigurationName = Release;
		};
/* End XCConfigurationList section */
	};
	rootObject = 37C5E2492806D6F800477221 /* Project object */;
}
